
Microsoft Visual Studio Solution File, Format Version 12.00
# Visual Studio Version 17
VisualStudioVersion = 17.8.34330.188
MinimumVisualStudioVersion = 10.0.40219.1
Project("{2150E333-8FDC-42A3-9474-1A3956D46DE8}") = "src", "src", "{B4A75A4B-4B26-490D-BC3A-6EB80501652F}"
EndProject
Project("{FAE04EC0-301F-11D3-BF4B-00C04F79EFBC}") = "SocialMedia.NewsFeed.API", "src\SocialMedia.NewsFeed.API\SocialMedia.NewsFeed.API.csproj", "{81B46527-E855-48AA-BB5C-5F00E3BC5028}"
EndProject
Project("{FAE04EC0-301F-11D3-BF4B-00C04F79EFBC}") = "SocialMedia.NewsFeed.Application", "src\SocialMedia.NewsFeed.Application\SocialMedia.NewsFeed.Application.csproj", "{81B0A3D1-A720-46B8-AF77-4AE2050C1CF0}"
EndProject
Project("{FAE04EC0-301F-11D3-BF4B-00C04F79EFBC}") = "SocialMedia.NewsFeed.Domain", "src\SocialMedia.NewsFeed.Domain\SocialMedia.NewsFeed.Domain.csproj", "{565E4C62-FD43-4C48-A0CF-A8EBBCD9F005}"
EndProject
Project("{FAE04EC0-301F-11D3-BF4B-00C04F79EFBC}") = "SocialMedia.NewsFeed.Infrastructure", "src\SocialMedia.NewsFeed.Infrastructure\SocialMedia.NewsFeed.Infrastructure.csproj", "{62F66253-DF44-445A-9520-057EB093E4C8}"
EndProject
Global
	GlobalSection(SolutionConfigurationPlatforms) = preSolution
		Debug|Any CPU = Debug|Any CPU
		Release|Any CPU = Release|Any CPU
	EndGlobalSection
	GlobalSection(ProjectConfigurationPlatforms) = postSolution
		{81B46527-E855-48AA-BB5C-5F00E3BC5028}.Debug|Any CPU.ActiveCfg = Debug|Any CPU
		{81B46527-E855-48AA-BB5C-5F00E3BC5028}.Debug|Any CPU.Build.0 = Debug|Any CPU
		{81B46527-E855-48AA-BB5C-5F00E3BC5028}.Release|Any CPU.ActiveCfg = Release|Any CPU
		{81B46527-E855-48AA-BB5C-5F00E3BC5028}.Release|Any CPU.Build.0 = Release|Any CPU
		{81B0A3D1-A720-46B8-AF77-4AE2050C1CF0}.Debug|Any CPU.ActiveCfg = Debug|Any CPU
		{81B0A3D1-A720-46B8-AF77-4AE2050C1CF0}.Debug|Any CPU.Build.0 = Debug|Any CPU
		{81B0A3D1-A720-46B8-AF77-4AE2050C1CF0}.Release|Any CPU.ActiveCfg = Release|Any CPU
		{81B0A3D1-A720-46B8-AF77-4AE2050C1CF0}.Release|Any CPU.Build.0 = Release|Any CPU
		{565E4C62-FD43-4C48-A0CF-A8EBBCD9F005}.Debug|Any CPU.ActiveCfg = Debug|Any CPU
		{565E4C62-FD43-4C48-A0CF-A8EBBCD9F005}.Debug|Any CPU.Build.0 = Debug|Any CPU
		{565E4C62-FD43-4C48-A0CF-A8EBBCD9F005}.Release|Any CPU.ActiveCfg = Release|Any CPU
		{565E4C62-FD43-4C48-A0CF-A8EBBCD9F005}.Release|Any CPU.Build.0 = Release|Any CPU
		{62F66253-DF44-445A-9520-057EB093E4C8}.Debug|Any CPU.ActiveCfg = Debug|Any CPU
		{62F66253-DF44-445A-9520-057EB093E4C8}.Debug|Any CPU.Build.0 = Debug|Any CPU
		{62F66253-DF44-445A-9520-057EB093E4C8}.Release|Any CPU.ActiveCfg = Release|Any CPU
		{62F66253-DF44-445A-9520-057EB093E4C8}.Release|Any CPU.Build.0 = Release|Any CPU
	EndGlobalSection
	GlobalSection(SolutionProperties) = preSolution
		HideSolutionNode = FALSE
	EndGlobalSection
	GlobalSection(NestedProjects) = preSolution
		{81B46527-E855-48AA-BB5C-5F00E3BC5028} = {B4A75A4B-4B26-490D-BC3A-6EB80501652F}
		{81B0A3D1-A720-46B8-AF77-4AE2050C1CF0} = {B4A75A4B-4B26-490D-BC3A-6EB80501652F}
		{565E4C62-FD43-4C48-A0CF-A8EBBCD9F005} = {B4A75A4B-4B26-490D-BC3A-6EB80501652F}
		{62F66253-DF44-445A-9520-057EB093E4C8} = {B4A75A4B-4B26-490D-BC3A-6EB80501652F}
	EndGlobalSection
	GlobalSection(ExtensibilityGlobals) = postSolution
		SolutionGuid = {32B04680-1477-4D40-8119-44F98E7839B6}
	EndGlobalSection
EndGlobal
